
Microsoft Visual Studio Solution File, Format Version 12.00
# Visual Studio Version 16
VisualStudioVersion = 16.0.31229.75
MinimumVisualStudioVersion = 10.0.40219.1
Project("{FAE04EC0-301F-11D3-BF4B-00C04F79EFBC}") = "ConsoleApp3", "ConsoleApp3\ConsoleApp3.csproj", "{97A9E149-27A2-499D-A258-0F1C7829A15C}"
EndProject
Global
	GlobalSection(SolutionConfigurationPlatforms) = preSolution
		Debug|Any CPU = Debug|Any CPU
		Release|Any CPU = Release|Any CPU
	EndGlobalSection
	GlobalSection(ProjectConfigurationPlatforms) = postSolution
		{97A9E149-27A2-499D-A258-0F1C7829A15C}.Debug|Any CPU.ActiveCfg = Debug|Any CPU
		{97A9E149-27A2-499D-A258-0F1C7829A15C}.Debug|Any CPU.Build.0 = Debug|Any CPU
		{97A9E149-27A2-499D-A258-0F1C7829A15C}.Release|Any CPU.ActiveCfg = Release|Any CPU
		{97A9E149-27A2-499D-A258-0F1C7829A15C}.Release|Any CPU.Build.0 = Release|Any CPU
	EndGlobalSection
	GlobalSection(SolutionProperties) = preSolution
		HideSolutionNode = FALSE
	EndGlobalSection
	GlobalSection(ExtensibilityGlobals) = postSolution
		SolutionGuid = {3A9111C2-C77F-42D9-9751-5508FCE31793}
	EndGlobalSection
EndGlobal
